
Microsoft Visual Studio Solution File, Format Version 12.00
# Visual Studio 14
VisualStudioVersion = 14.0.25420.1
MinimumVisualStudioVersion = 10.0.40219.1
Project("{9092AA53-FB77-4645-B42D-1CCCA6BD08BD}") = "repositorio_201212859", "repositorio_201212859\repositorio_201212859.njsproj", "{9CA9F892-42C2-427F-996C-8B6F0B5259D5}"
EndProject
Global
	GlobalSection(SolutionConfigurationPlatforms) = preSolution
		Debug|Any CPU = Debug|Any CPU
		Release|Any CPU = Release|Any CPU
	EndGlobalSection
	GlobalSection(ProjectConfigurationPlatforms) = postSolution
		{9CA9F892-42C2-427F-996C-8B6F0B5259D5}.Debug|Any CPU.ActiveCfg = Debug|Any CPU
		{9CA9F892-42C2-427F-996C-8B6F0B5259D5}.Debug|Any CPU.Build.0 = Debug|Any CPU
		{9CA9F892-42C2-427F-996C-8B6F0B5259D5}.Release|Any CPU.ActiveCfg = Release|Any CPU
		{9CA9F892-42C2-427F-996C-8B6F0B5259D5}.Release|Any CPU.Build.0 = Release|Any CPU
	EndGlobalSection
	GlobalSection(SolutionProperties) = preSolution
		HideSolutionNode = FALSE
	EndGlobalSection
EndGlobal
